// !$*UTF8*$!
{
	archiveVersion = 1;
	classes = {
	};
	objectVersion = 56;
	objects = {

/* Begin PBXBuildFile section */
		1772DA492B9817D000694483 /* AppDelegate.swift in Sources */ = {isa = PBXBuildFile; fileRef = 1772DA482B9817D000694483 /* AppDelegate.swift */; };
		1772DA4B2B9817D000694483 /* SceneDelegate.swift in Sources */ = {isa = PBXBuildFile; fileRef = 1772DA4A2B9817D000694483 /* SceneDelegate.swift */; };
		1772DA4D2B9817D000694483 /* ViewController.swift in Sources */ = {isa = PBXBuildFile; fileRef = 1772DA4C2B9817D000694483 /* ViewController.swift */; };
		1772DA502B9817D000694483 /* Main.storyboard in Resources */ = {isa = PBXBuildFile; fileRef = 1772DA4E2B9817D000694483 /* Main.storyboard */; };
		1772DA522B9817D100694483 /* Assets.xcassets in Resources */ = {isa = PBXBuildFile; fileRef = 1772DA512B9817D100694483 /* Assets.xcassets */; };
		1772DA552B9817D100694483 /* LaunchScreen.storyboard in Resources */ = {isa = PBXBuildFile; fileRef = 1772DA532B9817D100694483 /* LaunchScreen.storyboard */; };
		1772DA5D2B9820C200694483 /* questaoViewController.swift in Sources */ = {isa = PBXBuildFile; fileRef = 1772DA5C2B9820C200694483 /* questaoViewController.swift */; };
		1772DA5F2B98330300694483 /* questao.swift in Sources */ = {isa = PBXBuildFile; fileRef = 1772DA5E2B98330300694483 /* questao.swift */; };
		1772DA612B99488900694483 /* desempenhoViewController.swift in Sources */ = {isa = PBXBuildFile; fileRef = 1772DA602B99488900694483 /* desempenhoViewController.swift */; };
/* End PBXBuildFile section */

/* Begin PBXFileReference section */
		1772DA452B9817D000694483 /* first-app.app */ = {isa = PBXFileReference; explicitFileType = wrapper.application; includeInIndex = 0; path = "first-app.app"; sourceTree = BUILT_PRODUCTS_DIR; };
		1772DA482B9817D000694483 /* AppDelegate.swift */ = {isa = PBXFileReference; lastKnownFileType = sourcecode.swift; path = AppDelegate.swift; sourceTree = "<group>"; };
		1772DA4A2B9817D000694483 /* SceneDelegate.swift */ = {isa = PBXFileReference; lastKnownFileType = sourcecode.swift; path = SceneDelegate.swift; sourceTree = "<group>"; };
		1772DA4C2B9817D000694483 /* ViewController.swift */ = {isa = PBXFileReference; lastKnownFileType = sourcecode.swift; path = ViewController.swift; sourceTree = "<group>"; };
		1772DA4F2B9817D000694483 /* Base */ = {isa = PBXFileReference; lastKnownFileType = file.storyboard; name = Base; path = Base.lproj/Main.storyboard; sourceTree = "<group>"; };
		1772DA512B9817D100694483 /* Assets.xcassets */ = {isa = PBXFileReference; lastKnownFileType = folder.assetcatalog; path = Assets.xcassets; sourceTree = "<group>"; };
		1772DA542B9817D100694483 /* Base */ = {isa = PBXFileReference; lastKnownFileType = file.storyboard; name = Base; path = Base.lproj/LaunchScreen.storyboard; sourceTree = "<group>"; };
		1772DA562B9817D100694483 /* Info.plist */ = {isa = PBXFileReference; lastKnownFileType = text.plist.xml; path = Info.plist; sourceTree = "<group>"; };
		1772DA5C2B9820C200694483 /* questaoViewController.swift */ = {isa = PBXFileReference; lastKnownFileType = sourcecode.swift; path = questaoViewController.swift; sourceTree = "<group>"; };
		1772DA5E2B98330300694483 /* questao.swift */ = {isa = PBXFileReference; lastKnownFileType = sourcecode.swift; path = questao.swift; sourceTree = "<group>"; };
		1772DA602B99488900694483 /* desempenhoViewController.swift */ = {isa = PBXFileReference; lastKnownFileType = sourcecode.swift; path = desempenhoViewController.swift; sourceTree = "<group>"; };
/* End PBXFileReference section */

/* Begin PBXFrameworksBuildPhase section */
		1772DA422B9817D000694483 /* Frameworks */ = {
			isa = PBXFrameworksBuildPhase;
			buildActionMask = 2147483647;
			files = (
			);
			runOnlyForDeploymentPostprocessing = 0;
		};
/* End PBXFrameworksBuildPhase section */

/* Begin PBXGroup section */
		1772DA3C2B9817D000694483 = {
			isa = PBXGroup;
			children = (
				1772DA472B9817D000694483 /* firs-app */,
				1772DA462B9817D000694483 /* Products */,
			);
			sourceTree = "<group>";
		};
		1772DA462B9817D000694483 /* Products */ = {
			isa = PBXGroup;
			children = (
				1772DA452B9817D000694483 /* first-app.app */,
			);
			name = Products;
			sourceTree = "<group>";
		};
		1772DA472B9817D000694483 /* firs-app */ = {
			isa = PBXGroup;
			children = (
				1772DA632B99703F00694483 /* Modelo */,
				1772DA622B996F4000694483 /* viewControllers */,
				1772DA482B9817D000694483 /* AppDelegate.swift */,
				1772DA4A2B9817D000694483 /* SceneDelegate.swift */,
				1772DA4E2B9817D000694483 /* Main.storyboard */,
				1772DA512B9817D100694483 /* Assets.xcassets */,
				1772DA532B9817D100694483 /* LaunchScreen.storyboard */,
				1772DA562B9817D100694483 /* Info.plist */,
			);
			path = "firs-app";
			sourceTree = "<group>";
		};
		1772DA622B996F4000694483 /* viewControllers */ = {
			isa = PBXGroup;
			children = (
				1772DA4C2B9817D000694483 /* ViewController.swift */,
				1772DA5C2B9820C200694483 /* questaoViewController.swift */,
				1772DA602B99488900694483 /* desempenhoViewController.swift */,
			);
			path = viewControllers;
			sourceTree = "<group>";
		};
		1772DA632B99703F00694483 /* Modelo */ = {
			isa = PBXGroup;
			children = (
				1772DA5E2B98330300694483 /* questao.swift */,
			);
			path = Modelo;
			sourceTree = "<group>";
		};
/* End PBXGroup section */

/* Begin PBXNativeTarget section */
		1772DA442B9817D000694483 /* first-app */ = {
			isa = PBXNativeTarget;
			buildConfigurationList = 1772DA592B9817D100694483 /* Build configuration list for PBXNativeTarget "first-app" */;
			buildPhases = (
				1772DA412B9817D000694483 /* Sources */,
				1772DA422B9817D000694483 /* Frameworks */,
				1772DA432B9817D000694483 /* Resources */,
			);
			buildRules = (
			);
			dependencies = (
			);
			name = "first-app";
			productName = "firs-app";
			productReference = 1772DA452B9817D000694483 /* first-app.app */;
			productType = "com.apple.product-type.application";
		};
/* End PBXNativeTarget section */

/* Begin PBXProject section */
		1772DA3D2B9817D000694483 /* Project object */ = {
			isa = PBXProject;
			attributes = {
				BuildIndependentTargetsInParallel = 1;
				LastSwiftUpdateCheck = 1520;
				LastUpgradeCheck = 1520;
				TargetAttributes = {
					1772DA442B9817D000694483 = {
						CreatedOnToolsVersion = 15.2;
					};
				};
			};
			buildConfigurationList = 1772DA402B9817D000694483 /* Build configuration list for PBXProject "first-app" */;
			compatibilityVersion = "Xcode 14.0";
			developmentRegion = en;
			hasScannedForEncodings = 0;
			knownRegions = (
				en,
				Base,
			);
			mainGroup = 1772DA3C2B9817D000694483;
			productRefGroup = 1772DA462B9817D000694483 /* Products */;
			projectDirPath = "";
			projectRoot = "";
			targets = (
				1772DA442B9817D000694483 /* first-app */,
			);
		};
/* End PBXProject section */

/* Begin PBXResourcesBuildPhase section */
		1772DA432B9817D000694483 /* Resources */ = {
			isa = PBXResourcesBuildPhase;
			buildActionMask = 2147483647;
			files = (
				1772DA552B9817D100694483 /* LaunchScreen.storyboard in Resources */,
				1772DA522B9817D100694483 /* Assets.xcassets in Resources */,
				1772DA502B9817D000694483 /* Main.storyboard in Resources */,
			);
			runOnlyForDeploymentPostprocessing = 0;
		};
/* End PBXResourcesBuildPhase section */

/* Begin PBXSourcesBuildPhase section */
		1772DA412B9817D000694483 /* Sources */ = {
			isa = PBXSourcesBuildPhase;
			buildActionMask = 2147483647;
			files = (
				1772DA612B99488900694483 /* desempenhoViewController.swift in Sources */,
				1772DA5F2B98330300694483 /* questao.swift in Sources */,
				1772DA4D2B9817D000694483 /* ViewController.swift in Sources */,
				1772DA492B9817D000694483 /* AppDelegate.swift in Sources */,
				1772DA4B2B9817D000694483 /* SceneDelegate.swift in Sources */,
				1772DA5D2B9820C200694483 /* questaoViewController.swift in Sources */,
			);
			runOnlyForDeploymentPostprocessing = 0;
		};
/* End PBXSourcesBuildPhase section */

/* Begin PBXVariantGroup section */
		1772DA4E2B9817D000694483 /* Main.storyboard */ = {
			isa = PBXVariantGroup;
			children = (
				1772DA4F2B9817D000694483 /* Base */,
			);
			name = Main.storyboard;
			sourceTree = "<group>";
		};
		1772DA532B9817D100694483 /* LaunchScreen.storyboard */ = {
			isa = PBXVariantGroup;
			children = (
				1772DA542B9817D100694483 /* Base */,
			);
			name = LaunchScreen.storyboard;
			sourceTree = "<group>";
		};
/* End PBXVariantGroup section */

/* Begin XCBuildConfiguration section */
		1772DA572B9817D100694483 /* Debug */ = {
			isa = XCBuildConfiguration;
			buildSettings = {
				ALWAYS_SEARCH_USER_PATHS = NO;
				ASSETCATALOG_COMPILER_GENERATE_SWIFT_ASSET_SYMBOL_EXTENSIONS = YES;
				CLANG_ANALYZER_NONNULL = YES;
				CLANG_ANALYZER_NUMBER_OBJECT_CONVERSION = YES_AGGRESSIVE;
				CLANG_CXX_LANGUAGE_STANDARD = "gnu++20";
				CLANG_ENABLE_MODULES = YES;
				CLANG_ENABLE_OBJC_ARC = YES;
				CLANG_ENABLE_OBJC_WEAK = YES;
				CLANG_WARN_BLOCK_CAPTURE_AUTORELEASING = YES;
				CLANG_WARN_BOOL_CONVERSION = YES;
				CLANG_WARN_COMMA = YES;
				CLANG_WARN_CONSTANT_CONVERSION = YES;
				CLANG_WARN_DEPRECATED_OBJC_IMPLEMENTATIONS = YES;
				CLANG_WARN_DIRECT_OBJC_ISA_USAGE = YES_ERROR;
				CLANG_WARN_DOCUMENTATION_COMMENTS = YES;
				CLANG_WARN_EMPTY_BODY = YES;
				CLANG_WARN_ENUM_CONVERSION = YES;
				CLANG_WARN_INFINITE_RECURSION = YES;
				CLANG_WARN_INT_CONVERSION = YES;
				CLANG_WARN_NON_LITERAL_NULL_CONVERSION = YES;
				CLANG_WARN_OBJC_IMPLICIT_RETAIN_SELF = YES;
				CLANG_WARN_OBJC_LITERAL_CONVERSION = YES;
				CLANG_WARN_OBJC_ROOT_CLASS = YES_ERROR;
				CLANG_WARN_QUOTED_INCLUDE_IN_FRAMEWORK_HEADER = YES;
				CLANG_WARN_RANGE_LOOP_ANALYSIS = YES;
				CLANG_WARN_STRICT_PROTOTYPES = YES;
				CLANG_WARN_SUSPICIOUS_MOVE = YES;
				CLANG_WARN_UNGUARDED_AVAILABILITY = YES_AGGRESSIVE;
				CLANG_WARN_UNREACHABLE_CODE = YES;
				CLANG_WARN__DUPLICATE_METHOD_MATCH = YES;
				COPY_PHASE_STRIP = NO;
				DEBUG_INFORMATION_FORMAT = dwarf;
				ENABLE_STRICT_OBJC_MSGSEND = YES;
				ENABLE_TESTABILITY = YES;
				ENABLE_USER_SCRIPT_SANDBOXING = YES;
				GCC_C_LANGUAGE_STANDARD = gnu17;
				GCC_DYNAMIC_NO_PIC = NO;
				GCC_NO_COMMON_BLOCKS = YES;
				GCC_OPTIMIZATION_LEVEL = 0;
				GCC_PREPROCESSOR_DEFINITIONS = (
					"DEBUG=1",
					"$(inherited)",
				);
				GCC_WARN_64_TO_32_BIT_CONVERSION = YES;
				GCC_WARN_ABOUT_RETURN_TYPE = YES_ERROR;
				GCC_WARN_UNDECLARED_SELECTOR = YES;
				GCC_WARN_UNINITIALIZED_AUTOS = YES_AGGRESSIVE;
				GCC_WARN_UNUSED_FUNCTION = YES;
				GCC_WARN_UNUSED_VARIABLE = YES;
				IPHONEOS_DEPLOYMENT_TARGET = 17.2;
				LOCALIZATION_PREFERS_STRING_CATALOGS = YES;
				MTL_ENABLE_DEBUG_INFO = INCLUDE_SOURCE;
				MTL_FAST_MATH = YES;
				ONLY_ACTIVE_ARCH = YES;
				SDKROOT = iphoneos;
				SWIFT_ACTIVE_COMPILATION_CONDITIONS = "DEBUG $(inherited)";
				SWIFT_OPTIMIZATION_LEVEL = "-Onone";
			};
			name = Debug;
		};
		1772DA582B9817D100694483 /* Release */ = {
			isa = XCBuildConfiguration;
			buildSettings = {
				ALWAYS_SEARCH_USER_PATHS = NO;
				ASSETCATALOG_COMPILER_GENERATE_SWIFT_ASSET_SYMBOL_EXTENSIONS = YES;
				CLANG_ANALYZER_NONNULL = YES;
				CLANG_ANALYZER_NUMBER_OBJECT_CONVERSION = YES_AGGRESSIVE;
				CLANG_CXX_LANGUAGE_STANDARD = "gnu++20";
				CLANG_ENABLE_MODULES = YES;
				CLANG_ENABLE_OBJC_ARC = YES;
				CLANG_ENABLE_OBJC_WEAK = YES;
				CLANG_WARN_BLOCK_CAPTURE_AUTORELEASING = YES;
				CLANG_WARN_BOOL_CONVERSION = YES;
				CLANG_WARN_COMMA = YES;
				CLANG_WARN_CONSTANT_CONVERSION = YES;
				CLANG_WARN_DEPRECATED_OBJC_IMPLEMENTATIONS = YES;
				CLANG_WARN_DIRECT_OBJC_ISA_USAGE = YES_ERROR;
				CLANG_WARN_DOCUMENTATION_COMMENTS = YES;
				CLANG_WARN_EMPTY_BODY = YES;
				CLANG_WARN_ENUM_CONVERSION = YES;
				CLANG_WARN_INFINITE_RECURSION = YES;
				CLANG_WARN_INT_CONVERSION = YES;
				CLANG_WARN_NON_LITERAL_NULL_CONVERSION = YES;
				CLANG_WARN_OBJC_IMPLICIT_RETAIN_SELF = YES;
				CLANG_WARN_OBJC_LITERAL_CONVERSION = YES;
				CLANG_WARN_OBJC_ROOT_CLASS = YES_ERROR;
				CLANG_WARN_QUOTED_INCLUDE_IN_FRAMEWORK_HEADER = YES;
				CLANG_WARN_RANGE_LOOP_ANALYSIS = YES;
				CLANG_WARN_STRICT_PROTOTYPES = YES;
				CLANG_WARN_SUSPICIOUS_MOVE = YES;
				CLANG_WARN_UNGUARDED_AVAILABILITY = YES_AGGRESSIVE;
				CLANG_WARN_UNREACHABLE_CODE = YES;
				CLANG_WARN__DUPLICATE_METHOD_MATCH = YES;
				COPY_PHASE_STRIP = NO;
				DEBUG_INFORMATION_FORMAT = "dwarf-with-dsym";
				ENABLE_NS_ASSERTIONS = NO;
				ENABLE_STRICT_OBJC_MSGSEND = YES;
				ENABLE_USER_SCRIPT_SANDBOXING = YES;
				GCC_C_LANGUAGE_STANDARD = gnu17;
				GCC_NO_COMMON_BLOCKS = YES;
				GCC_WARN_64_TO_32_BIT_CONVERSION = YES;
				GCC_WARN_ABOUT_RETURN_TYPE = YES_ERROR;
				GCC_WARN_UNDECLARED_SELECTOR = YES;
				GCC_WARN_UNINITIALIZED_AUTOS = YES_AGGRESSIVE;
				GCC_WARN_UNUSED_FUNCTION = YES;
				GCC_WARN_UNUSED_VARIABLE = YES;
				IPHONEOS_DEPLOYMENT_TARGET = 17.2;
				LOCALIZATION_PREFERS_STRING_CATALOGS = YES;
				MTL_ENABLE_DEBUG_INFO = NO;
				MTL_FAST_MATH = YES;
				SDKROOT = iphoneos;
				SWIFT_COMPILATION_MODE = wholemodule;
				VALIDATE_PRODUCT = YES;
			};
			name = Release;
		};
		1772DA5A2B9817D100694483 /* Debug */ = {
			isa = XCBuildConfiguration;
			buildSettings = {
				ASSETCATALOG_COMPILER_APPICON_NAME = AppIcon;
				ASSETCATALOG_COMPILER_GLOBAL_ACCENT_COLOR_NAME = AccentColor;
				CODE_SIGN_STYLE = Automatic;
				CURRENT_PROJECT_VERSION = 1;
				GENERATE_INFOPLIST_FILE = YES;
				INFOPLIST_FILE = "firs-app/Info.plist";
				INFOPLIST_KEY_UIApplicationSupportsIndirectInputEvents = YES;
				INFOPLIST_KEY_UILaunchStoryboardName = LaunchScreen;
				INFOPLIST_KEY_UIMainStoryboardFile = Main;
				INFOPLIST_KEY_UISupportedInterfaceOrientations_iPad = "UIInterfaceOrientationPortrait UIInterfaceOrientationPortraitUpsideDown UIInterfaceOrientationLandscapeLeft UIInterfaceOrientationLandscapeRight";
				INFOPLIST_KEY_UISupportedInterfaceOrientations_iPhone = "UIInterfaceOrientationPortrait UIInterfaceOrientationLandscapeLeft UIInterfaceOrientationLandscapeRight";
				IPHONEOS_DEPLOYMENT_TARGET = 16.2;
				LD_RUNPATH_SEARCH_PATHS = (
					"$(inherited)",
					"@executable_path/Frameworks",
				);
				MARKETING_VERSION = 1.0;
				PRODUCT_BUNDLE_IDENTIFIER = "rene-first-app.firs-app";
				PRODUCT_NAME = "$(TARGET_NAME)";
				SWIFT_EMIT_LOC_STRINGS = YES;
				SWIFT_VERSION = 5.0;
				TARGETED_DEVICE_FAMILY = "1,2";
			};
			name = Debug;
		};
		1772DA5B2B9817D100694483 /* Release */ = {
			isa = XCBuildConfiguration;
			buildSettings = {
				ASSETCATALOG_COMPILER_APPICON_NAME = AppIcon;
				ASSETCATALOG_COMPILER_GLOBAL_ACCENT_COLOR_NAME = AccentColor;
				CODE_SIGN_STYLE = Automatic;
				CURRENT_PROJECT_VERSION = 1;
				GENERATE_INFOPLIST_FILE = YES;
				INFOPLIST_FILE = "firs-app/Info.plist";
				INFOPLIST_KEY_UIApplicationSupportsIndirectInputEvents = YES;
				INFOPLIST_KEY_UILaunchStoryboardName = LaunchScreen;
				INFOPLIST_KEY_UIMainStoryboardFile = Main;
				INFOPLIST_KEY_UISupportedInterfaceOrientations_iPad = "UIInterfaceOrientationPortrait UIInterfaceOrientationPortraitUpsideDown UIInterfaceOrientationLandscapeLeft UIInterfaceOrientationLandscapeRight";
				INFOPLIST_KEY_UISupportedInterfaceOrientations_iPhone = "UIInterfaceOrientationPortrait UIInterfaceOrientationLandscapeLeft UIInterfaceOrientationLandscapeRight";
				IPHONEOS_DEPLOYMENT_TARGET = 16.2;
				LD_RUNPATH_SEARCH_PATHS = (
					"$(inherited)",
					"@executable_path/Frameworks",
				);
				MARKETING_VERSION = 1.0;
				PRODUCT_BUNDLE_IDENTIFIER = "rene-first-app.firs-app";
				PRODUCT_NAME = "$(TARGET_NAME)";
				SWIFT_EMIT_LOC_STRINGS = YES;
				SWIFT_VERSION = 5.0;
				TARGETED_DEVICE_FAMILY = "1,2";
			};
			name = Release;
		};
/* End XCBuildConfiguration section */

/* Begin XCConfigurationList section */
		1772DA402B9817D000694483 /* Build configuration list for PBXProject "first-app" */ = {
			isa = XCConfigurationList;
			buildConfigurations = (
				1772DA572B9817D100694483 /* Debug */,
				1772DA582B9817D100694483 /* Release */,
			);
			defaultConfigurationIsVisible = 0;
			defaultConfigurationName = Release;
		};
		1772DA592B9817D100694483 /* Build configuration list for PBXNativeTarget "first-app" */ = {
			isa = XCConfigurationList;
			buildConfigurations = (
				1772DA5A2B9817D100694483 /* Debug */,
				1772DA5B2B9817D100694483 /* Release */,
			);
			defaultConfigurationIsVisible = 0;
			defaultConfigurationName = Release;
		};
/* End XCConfigurationList section */
	};
	rootObject = 1772DA3D2B9817D000694483 /* Project object */;
}
